{
  "name": "ao-db",
  "lockfileVersion": 1,
  "dependencies": {
    "@types/debug": {
      "version": "0.0.29",
      "resolved": "http://registry.npm.taobao.org/@types/debug/download/@types/debug-0.0.29.tgz",
      "integrity": "sha1-oeUUrfvZLwOiJLpU1pMRHb8fN1Q=",
      "dev": true
    },
    "@types/pouchdb-adapter-http": {
      "version": "6.1.1",
      "resolved": "http://registry.npm.taobao.org/@types/pouchdb-adapter-http/download/@types/pouchdb-adapter-http-6.1.1.tgz",
      "integrity": "sha1-qIT8CVi49XTedWceKFM+M1QlVhI=",
      "dev": true
    },
    "@types/pouchdb-core": {
      "version": "6.1.3",
      "resolved": "http://registry.npm.taobao.org/@types/pouchdb-core/download/@types/pouchdb-core-6.1.3.tgz",
      "integrity": "sha1-KMqfn33wBaVHpevI/6jLo/9D4xc=",
      "dev": true
    },
    "@types/pouchdb-find": {
      "version": "0.10.1",
      "resolved": "http://registry.npm.taobao.org/@types/pouchdb-find/download/@types/pouchdb-find-0.10.1.tgz",
      "integrity": "sha1-KG0hlhNbFb5oXz2JXwrJKNDATrM=",
      "dev": true
    },
    "@types/pouchdb-mapreduce": {
      "version": "6.1.1",
      "resolved": "http://registry.npm.taobao.org/@types/pouchdb-mapreduce/download/@types/pouchdb-mapreduce-6.1.1.tgz",
      "integrity": "sha1-Kkx6jL3SZ4VB9ix0wgF1wN1biqc=",
      "dev": true
    },
    "@types/pouchdb-replication": {
      "version": "6.1.3",
      "resolved": "http://registry.npm.taobao.org/@types/pouchdb-replication/download/@types/pouchdb-replication-6.1.3.tgz",
      "integrity": "sha1-ONNl92VuPP+ujqSgTPooOp6haks=",
      "dev": true
    },
    "@types/source-map": {
      "version": "0.5.0",
      "resolved": "http://registry.npm.taobao.org/@types/source-map/download/@types/source-map-0.5.0.tgz",
      "integrity": "sha1-3TS72OMv5OdPLj2KwH+KpbRaR6w=",
      "dev": true
    },
    "@types/uglify-js": {
      "version": "2.6.29",
      "resolved": "http://registry.npm.taobao.org/@types/uglify-js/download/@types/uglify-js-2.6.29.tgz",
      "integrity": "sha1-UhNH9p4gIB0hj1mRrmbhCHivzxo=",
      "dev": true
    },
    "ajv": {
      "version": "4.11.8",
      "resolved": "http://registry.npm.taobao.org/ajv/download/ajv-4.11.8.tgz",
      "integrity": "sha1-gv+wKynmYq5TvcIK8VlHcGc5xTY=",
      "dev": true
    },
    "ansi-regex": {
      "version": "2.1.1",
      "resolved": "http://registry.npm.taobao.org/ansi-regex/download/ansi-regex-2.1.1.tgz",
      "integrity": "sha1-w7M6te42DYbg5ijwRorn7yfWVN8=",
      "dev": true
    },
    "ansi-styles": {
      "version": "2.2.1",
      "resolved": "http://registry.npm.taobao.org/ansi-styles/download/ansi-styles-2.2.1.tgz",
      "integrity": "sha1-tDLdM1i2NM914eRmQ2gkBTPB3b4=",
      "dev": true
    },
    "argsarray": {
      "version": "0.0.1",
      "resolved": "http://registry.npm.taobao.org/argsarray/download/argsarray-0.0.1.tgz",
      "integrity": "sha1-bnIHtOzbObCviDA/pa4ivajfYcs=",
      "dev": true
    },
    "asn1": {
      "version": "0.2.3",
      "resolved": "http://registry.npm.taobao.org/asn1/download/asn1-0.2.3.tgz",
      "integrity": "sha1-2sh4dxPJlmhJ/IGAd36+nB3fO4Y=",
      "dev": true
    },
    "assert-plus": {
      "version": "0.2.0",
      "resolved": "http://registry.npm.taobao.org/assert-plus/download/assert-plus-0.2.0.tgz",
      "integrity": "sha1-104bh+ev/A24qttwIfP+SBAasjQ=",
      "dev": true
    },
    "asynckit": {
      "version": "0.4.0",
      "resolved": "http://registry.npm.taobao.org/asynckit/download/asynckit-0.4.0.tgz",
      "integrity": "sha1-x57Zf380y48robyXkLzDZkdLS3k=",
      "dev": true
    },
    "aws-sign2": {
      "version": "0.6.0",
      "resolved": "http://registry.npm.taobao.org/aws-sign2/download/aws-sign2-0.6.0.tgz",
      "integrity": "sha1-FDQt0428yU0OW4fXY81jYSwOeU8=",
      "dev": true
    },
    "aws4": {
      "version": "1.6.0",
      "resolved": "http://registry.npm.taobao.org/aws4/download/aws4-1.6.0.tgz",
      "integrity": "sha1-g+9cqGCysy5KDe7e6MdxudtXRx4=",
      "dev": true
    },
    "babel-code-frame": {
      "version": "6.22.0",
      "resolved": "http://registry.npm.taobao.org/babel-code-frame/download/babel-code-frame-6.22.0.tgz",
      "integrity": "sha1-AnYgvuVnqIwyVhV05/0IAdMxGOQ=",
      "dev": true,
      "dependencies": {
        "chalk": {
          "version": "1.1.3",
          "resolved": "http://registry.npm.taobao.org/chalk/download/chalk-1.1.3.tgz",
          "integrity": "sha1-qBFcVeSnAv5NFQq9OHKCKn4J/Jg=",
          "dev": true
        }
      }
    },
    "babel-core": {
      "version": "6.25.0",
      "resolved": "http://registry.npm.taobao.org/babel-core/download/babel-core-6.25.0.tgz",
      "integrity": "sha1-fdQrBGPHQunVKW3rPsZ6kyLa1yk=",
      "dev": true
    },
    "babel-generator": {
      "version": "6.25.0",
      "resolved": "http://registry.npm.taobao.org/babel-generator/download/babel-generator-6.25.0.tgz",
      "integrity": "sha1-M6GvcNXyiQrrRlpKd5PB32qeqfw=",
      "dev": true
    },
    "babel-helper-define-map": {
      "version": "6.24.1",
      "resolved": "http://registry.npm.taobao.org/babel-helper-define-map/download/babel-helper-define-map-6.24.1.tgz",
      "integrity": "sha1-epdH8ljYlH0y1RX2qhx70CIEoIA=",
      "dev": true
    },
    "babel-helper-function-name": {
      "version": "6.24.1",
      "resolved": "http://registry.npm.taobao.org/babel-helper-function-name/download/babel-helper-function-name-6.24.1.tgz",
      "integrity": "sha1-00dbjAPtmCQqJbSDUasYOZ01gKk=",
      "dev": true
    },
    "babel-helper-get-function-arity": {
      "version": "6.24.1",
      "resolved": "http://registry.npm.taobao.org/babel-helper-get-function-arity/download/babel-helper-get-function-arity-6.24.1.tgz",
      "integrity": "sha1-j3eCqpNAfEHTqlCQj4mwMbG2hT0=",
      "dev": true
    },
    "babel-helper-optimise-call-expression": {
      "version": "6.24.1",
      "resolved": "http://registry.npm.taobao.org/babel-helper-optimise-call-expression/download/babel-helper-optimise-call-expression-6.24.1.tgz",
      "integrity": "sha1-96E0J7qfc/j0+pk8VKl4gtEkQlc=",
      "dev": true
    },
    "babel-helper-replace-supers": {
      "version": "6.24.1",
      "resolved": "http://registry.npm.taobao.org/babel-helper-replace-supers/download/babel-helper-replace-supers-6.24.1.tgz",
      "integrity": "sha1-v22/5Dk40XNpohPKiov3S2qQqxo=",
      "dev": true
    },
    "babel-helpers": {
      "version": "6.24.1",
      "resolved": "http://registry.npm.taobao.org/babel-helpers/download/babel-helpers-6.24.1.tgz",
      "integrity": "sha1-NHHenK7DiOXIUOWX5Yom3fN2ArI=",
      "dev": true
    },
    "babel-messages": {
      "version": "6.23.0",
      "resolved": "http://registry.npm.taobao.org/babel-messages/download/babel-messages-6.23.0.tgz",
      "integrity": "sha1-8830cDhYA1sqKVHG7F7fbGLyYw4=",
      "dev": true
    },
    "babel-plugin-transform-es2015-classes": {
      "version": "6.24.1",
      "resolved": "http://registry.npm.taobao.org/babel-plugin-transform-es2015-classes/download/babel-plugin-transform-es2015-classes-6.24.1.tgz",
      "integrity": "sha1-WkxYpQyclGHlZLSyo7+ryXolhNs=",
      "dev": true
    },
    "babel-register": {
      "version": "6.24.1",
      "resolved": "http://registry.npm.taobao.org/babel-register/download/babel-register-6.24.1.tgz",
      "integrity": "sha1-fhDhOi9xBlvfrVoXh7pFvKbe118=",
      "dev": true
    },
    "babel-runtime": {
      "version": "6.23.0",
      "resolved": "http://registry.npm.taobao.org/babel-runtime/download/babel-runtime-6.23.0.tgz",
      "integrity": "sha1-CpSJ8UTecO+zzkMArM2zKeL8VDs=",
      "dev": true
    },
    "babel-standalone": {
      "version": "6.25.0",
      "resolved": "http://registry.npm.taobao.org/babel-standalone/download/babel-standalone-6.25.0.tgz",
      "integrity": "sha1-dZ7wRXRAK20aG176YtGMmkfkq+s=",
      "dev": true
    },
    "babel-template": {
      "version": "6.25.0",
      "resolved": "http://registry.npm.taobao.org/babel-template/download/babel-template-6.25.0.tgz",
      "integrity": "sha1-ZlJBFmt8KqTGGdceGSlpVSsQwHE=",
      "dev": true
    },
    "babel-traverse": {
      "version": "6.25.0",
      "resolved": "http://registry.npm.taobao.org/babel-traverse/download/babel-traverse-6.25.0.tgz",
      "integrity": "sha1-IldJfi/NGbie3BPEyROB+VEklvE=",
      "dev": true
    },
    "babel-types": {
      "version": "6.25.0",
      "resolved": "http://registry.npm.taobao.org/babel-types/download/babel-types-6.25.0.tgz",
      "integrity": "sha1-cK+ySNVmDl0Y+BHZHIMDtUE0oY4=",
      "dev": true
    },
    "babylon": {
      "version": "6.17.4",
      "resolved": "http://registry.npm.taobao.org/babylon/download/babylon-6.17.4.tgz",
      "integrity": "sha1-Pot0AriNIsNCPhN6FXeIOxX/hpo=",
      "dev": true
    },
    "balanced-match": {
      "version": "1.0.0",
      "resolved": "http://registry.npm.taobao.org/balanced-match/download/balanced-match-1.0.0.tgz",
      "integrity": "sha1-ibTRmasr7kneFk6gK4nORi1xt2c=",
      "dev": true
    },
    "bcrypt-pbkdf": {
      "version": "1.0.1",
      "resolved": "http://registry.npm.taobao.org/bcrypt-pbkdf/download/bcrypt-pbkdf-1.0.1.tgz",
      "integrity": "sha1-Y7xdy2EzG5K8Bf1SiVPDNGKgb40=",
      "dev": true,
      "optional": true
    },
    "bluebird": {
      "version": "1.2.4",
      "resolved": "http://registry.npm.taobao.org/bluebird/download/bluebird-1.2.4.tgz",
      "integrity": "sha1-WYXsI8tv8aWDTMZEezxe8BD9Mho=",
      "dev": true
    },
    "boom": {
      "version": "2.10.1",
      "resolved": "http://registry.npm.taobao.org/boom/download/boom-2.10.1.tgz",
      "integrity": "sha1-OciRjO/1eZ+D+UkqhI9iWt0Mdm8=",
      "dev": true
    },
    "brace-expansion": {
      "version": "1.1.8",
      "resolved": "http://registry.npm.taobao.org/brace-expansion/download/brace-expansion-1.1.8.tgz",
      "integrity": "sha1-wHshHHyVLsH479Uad+8NHTmQopI=",
      "dev": true
    },
    "buffer-from": {
      "version": "0.1.1",
      "resolved": "http://registry.npm.taobao.org/buffer-from/download/buffer-from-0.1.1.tgz",
      "integrity": "sha1-V7GLHaChnsBvM4N6UnWiQjUb114=",
      "dev": true
    },
    "caseless": {
      "version": "0.12.0",
      "resolved": "http://registry.npm.taobao.org/caseless/download/caseless-0.12.0.tgz",
      "integrity": "sha1-G2gcIf+EAzyCZUMJBolCDRhxUdw=",
      "dev": true
    },
    "clone-buffer": {
      "version": "1.0.0",
      "resolved": "http://registry.npm.taobao.org/clone-buffer/download/clone-buffer-1.0.0.tgz",
      "integrity": "sha1-4+JbIHrE5wGvch4staFnksrD3Fg=",
      "dev": true
    },
    "co": {
      "version": "4.6.0",
      "resolved": "http://registry.npm.taobao.org/co/download/co-4.6.0.tgz",
      "integrity": "sha1-bqa989hTrlTMuOR7+gvz+QMfsYQ=",
      "dev": true
    },
    "combined-stream": {
      "version": "1.0.5",
      "resolved": "http://registry.npm.taobao.org/combined-stream/download/combined-stream-1.0.5.tgz",
      "integrity": "sha1-k4NwpXtKUd6ix3wV1cX9+JUWQAk=",
      "dev": true
    },
    "commander": {
      "version": "2.9.0",
      "resolved": "http://registry.npm.taobao.org/commander/download/commander-2.9.0.tgz",
      "integrity": "sha1-nJkJQXbhIkDLItbFFGCYQA/g99Q=",
      "dev": true
    },
    "concat-map": {
      "version": "0.0.1",
      "resolved": "http://registry.npm.taobao.org/concat-map/download/concat-map-0.0.1.tgz",
      "integrity": "sha1-2Klr13/Wjfd5OnMDajug1UBdR3s=",
      "dev": true
    },
    "convert-source-map": {
      "version": "1.5.0",
      "resolved": "http://registry.npm.taobao.org/convert-source-map/download/convert-source-map-1.5.0.tgz",
      "integrity": "sha1-ms1whRxtXf3ZPZKC5e35SgP/RrU=",
      "dev": true
    },
    "core-js": {
      "version": "2.4.1",
      "resolved": "http://registry.npm.taobao.org/core-js/download/core-js-2.4.1.tgz",
      "integrity": "sha1-TekR5mew6ukSTjQlS1OupvxhjT4=",
      "dev": true
    },
    "cryptiles": {
      "version": "2.0.5",
      "resolved": "http://registry.npm.taobao.org/cryptiles/download/cryptiles-2.0.5.tgz",
      "integrity": "sha1-O9/s3GCBR8HGcgL6KR59ylnqo7g=",
      "dev": true
    },
    "dashdash": {
      "version": "1.14.1",
      "resolved": "http://registry.npm.taobao.org/dashdash/download/dashdash-1.14.1.tgz",
      "integrity": "sha1-hTz6D3y+L+1d4gMmuN1YEDX24vA=",
      "dev": true,
      "dependencies": {
        "assert-plus": {
          "version": "1.0.0",
          "resolved": "http://registry.npm.taobao.org/assert-plus/download/assert-plus-1.0.0.tgz",
          "integrity": "sha1-8S4PPF13sLHN2RRpQuTpbB5N1SU=",
          "dev": true
        }
      }
    },
    "debug": {
      "version": "2.6.8",
      "resolved": "http://registry.npm.taobao.org/debug/download/debug-2.6.8.tgz",
      "integrity": "sha1-5zFTHKLt4n0YgiJCfaF4IdaP9Pw=",
      "dev": true
    },
    "delayed-stream": {
      "version": "1.0.0",
      "resolved": "http://registry.npm.taobao.org/delayed-stream/download/delayed-stream-1.0.0.tgz",
      "integrity": "sha1-3zrhmayt+31ECqrgsp4icrJOxhk=",
      "dev": true
    },
    "detect-indent": {
      "version": "4.0.0",
      "resolved": "http://registry.npm.taobao.org/detect-indent/download/detect-indent-4.0.0.tgz",
      "integrity": "sha1-920GQ1LN9Docts5hnE7jqUdd4gg=",
      "dev": true
    },
    "ecc-jsbn": {
      "version": "0.1.1",
      "resolved": "http://registry.npm.taobao.org/ecc-jsbn/download/ecc-jsbn-0.1.1.tgz",
      "integrity": "sha1-D8c6ntXw1Tw4GTOYUj735UN3dQU=",
      "dev": true,
      "optional": true
    },
    "escape-string-regexp": {
      "version": "1.0.5",
      "resolved": "http://registry.npm.taobao.org/escape-string-regexp/download/escape-string-regexp-1.0.5.tgz",
      "integrity": "sha1-G2HAViGQqN/2rjuyzwIAyhMLhtQ=",
      "dev": true
    },
    "estree-walker": {
      "version": "0.2.1",
      "resolved": "http://registry.npm.taobao.org/estree-walker/download/estree-walker-0.2.1.tgz",
      "integrity": "sha1-va/oCVOD2EFNXcLs9MkXO225QS4=",
      "dev": true
    },
    "esutils": {
      "version": "2.0.2",
      "resolved": "http://registry.npm.taobao.org/esutils/download/esutils-2.0.2.tgz",
      "integrity": "sha1-Cr9PHKpbyx96nYrMbepPqqBLrJs=",
      "dev": true
    },
    "extend": {
      "version": "3.0.1",
      "resolved": "http://registry.npm.taobao.org/extend/download/extend-3.0.1.tgz",
      "integrity": "sha1-p1Xqe8Gt/MWjHOfnYtuq3F5jZEQ=",
      "dev": true
    },
    "extsprintf": {
      "version": "1.0.2",
      "resolved": "http://registry.npm.taobao.org/extsprintf/download/extsprintf-1.0.2.tgz",
      "integrity": "sha1-4QgOBljjALBilJkMxw4VAiNf1VA=",
      "dev": true
    },
    "forever-agent": {
      "version": "0.6.1",
      "resolved": "http://registry.npm.taobao.org/forever-agent/download/forever-agent-0.6.1.tgz",
      "integrity": "sha1-+8cfDEGt6zf5bFd60e1C2P2sypE=",
      "dev": true
    },
    "form-data": {
      "version": "2.1.4",
      "resolved": "http://registry.npm.taobao.org/form-data/download/form-data-2.1.4.tgz",
      "integrity": "sha1-M8GDrPGTJ27KqYFDpp6Uv+4XUNE=",
      "dev": true
    },
    "getpass": {
      "version": "0.1.7",
      "resolved": "http://registry.npm.taobao.org/getpass/download/getpass-0.1.7.tgz",
      "integrity": "sha1-Xv+OPmhNVprkyysSgmBOi6YhSfo=",
      "dev": true,
      "dependencies": {
        "assert-plus": {
          "version": "1.0.0",
          "resolved": "http://registry.npm.taobao.org/assert-plus/download/assert-plus-1.0.0.tgz",
          "integrity": "sha1-8S4PPF13sLHN2RRpQuTpbB5N1SU=",
          "dev": true
        }
      }
    },
    "globals": {
      "version": "9.18.0",
      "resolved": "http://registry.npm.taobao.org/globals/download/globals-9.18.0.tgz",
      "integrity": "sha1-qjiWs+abSH8X4x7SFD1pqOMMLYo=",
      "dev": true
    },
    "graceful-readlink": {
      "version": "1.0.1",
      "resolved": "http://registry.npm.taobao.org/graceful-readlink/download/graceful-readlink-1.0.1.tgz",
      "integrity": "sha1-TK+tdrxi8C+gObL5Tpo906ORpyU=",
      "dev": true
    },
    "har-schema": {
      "version": "1.0.5",
      "resolved": "http://registry.npm.taobao.org/har-schema/download/har-schema-1.0.5.tgz",
      "integrity": "sha1-0mMTX0MwfALGAq/I/pWXDAFRNp4=",
      "dev": true
    },
    "har-validator": {
      "version": "4.2.1",
      "resolved": "http://registry.npm.taobao.org/har-validator/download/har-validator-4.2.1.tgz",
      "integrity": "sha1-M0gdDxu/9gDdID11gSpqX7oALio=",
      "dev": true
    },
    "has-ansi": {
      "version": "2.0.0",
      "resolved": "http://registry.npm.taobao.org/has-ansi/download/has-ansi-2.0.0.tgz",
      "integrity": "sha1-NPUEnOHs3ysGSa8+8k5F7TVBbZE=",
      "dev": true
    },
    "has-symbol-support-x": {
      "version": "1.3.0",
      "resolved": "http://registry.npm.taobao.org/has-symbol-support-x/download/has-symbol-support-x-1.3.0.tgz",
      "integrity": "sha1-WIvWkn6qDilq+uJBYGWRZ/wr5Pg=",
      "dev": true
    },
    "has-to-string-tag-x": {
      "version": "1.3.0",
      "resolved": "http://registry.npm.taobao.org/has-to-string-tag-x/download/has-to-string-tag-x-1.3.0.tgz",
      "integrity": "sha1-eOPZjDwOyUE+lw6412Ykmh4TBY8=",
      "dev": true
    },
    "hawk": {
      "version": "3.1.3",
      "resolved": "http://registry.npm.taobao.org/hawk/download/hawk-3.1.3.tgz",
      "integrity": "sha1-B4REvXwWQLD+VA0sm3PVlnjo4cQ=",
      "dev": true
    },
    "header-case-normalizer": {
      "version": "1.0.3",
      "resolved": "http://registry.npm.taobao.org/header-case-normalizer/download/header-case-normalizer-1.0.3.tgz",
      "integrity": "sha1-+x1MjQxhadyrT3x+IbGGpqIqwME=",
      "dev": true
    },
    "hoek": {
      "version": "2.16.3",
      "resolved": "http://registry.npm.taobao.org/hoek/download/hoek-2.16.3.tgz",
      "integrity": "sha1-ILt0A9POo5jpHcRxCo/xuCdKJe0=",
      "dev": true
    },
    "home-or-tmp": {
      "version": "2.0.0",
      "resolved": "http://registry.npm.taobao.org/home-or-tmp/download/home-or-tmp-2.0.0.tgz",
      "integrity": "sha1-42w/LSyufXRqhX440Y1fMqeILbg=",
      "dev": true
    },
    "http-signature": {
      "version": "1.1.1",
      "resolved": "http://registry.npm.taobao.org/http-signature/download/http-signature-1.1.1.tgz",
      "integrity": "sha1-33LiZwZs0Kxn+3at+OE0qPvPkb8=",
      "dev": true
    },
    "immediate": {
      "version": "3.0.6",
      "resolved": "http://registry.npm.taobao.org/immediate/download/immediate-3.0.6.tgz",
      "integrity": "sha1-nbHb0Pr43m++D13V5Wu2BigN5ps=",
      "dev": true
    },
    "inherits": {
      "version": "2.0.3",
      "resolved": "http://registry.npm.taobao.org/inherits/download/inherits-2.0.3.tgz",
      "integrity": "sha1-Yzwsg+PaQqUC9SRmAiSA9CCCYd4=",
      "dev": true
    },
    "invariant": {
      "version": "2.2.2",
      "resolved": "http://registry.npm.taobao.org/invariant/download/invariant-2.2.2.tgz",
      "integrity": "sha1-nh9WrArNtr8wMwbzOL47IErmA2A=",
      "dev": true
    },
    "is-array-buffer-x": {
      "version": "1.2.1",
      "resolved": "http://registry.npm.taobao.org/is-array-buffer-x/download/is-array-buffer-x-1.2.1.tgz",
      "integrity": "sha1-V5GAaIthKzaRcA1smrM11v1GlVw=",
      "dev": true
    },
    "is-finite": {
      "version": "1.0.2",
      "resolved": "http://registry.npm.taobao.org/is-finite/download/is-finite-1.0.2.tgz",
      "integrity": "sha1-zGZ3aVYCvlUO8R6LSqYwU0K20Ko=",
      "dev": true
    },
    "is-function-x": {
      "version": "1.3.0",
      "resolved": "http://registry.npm.taobao.org/is-function-x/download/is-function-x-1.3.0.tgz",
      "integrity": "sha1-idimvrS0cH72dOXeB2DAl3NYraQ=",
      "dev": true
    },
    "is-object-like-x": {
      "version": "1.2.0",
      "resolved": "http://registry.npm.taobao.org/is-object-like-x/download/is-object-like-x-1.2.0.tgz",
      "integrity": "sha1-tZKdjxKrktrunS91S4MYRLzAjCE=",
      "dev": true
    },
    "is-primitive": {
      "version": "2.0.0",
      "resolved": "http://registry.npm.taobao.org/is-primitive/download/is-primitive-2.0.0.tgz",
      "integrity": "sha1-IHurkWOEmcB7Kt8kCkGochADRXU=",
      "dev": true
    },
    "is-typedarray": {
      "version": "1.0.0",
      "resolved": "http://registry.npm.taobao.org/is-typedarray/download/is-typedarray-1.0.0.tgz",
      "integrity": "sha1-5HnICFjfDBsR3dppQPlgEfzaSpo=",
      "dev": true
    },
    "isstream": {
      "version": "0.1.2",
      "resolved": "http://registry.npm.taobao.org/isstream/download/isstream-0.1.2.tgz",
      "integrity": "sha1-R+Y/evVa+m+S4VAOaQ64uFKcCZo=",
      "dev": true
    },
    "js-tokens": {
      "version": "3.0.2",
      "resolved": "http://registry.npm.taobao.org/js-tokens/download/js-tokens-3.0.2.tgz",
      "integrity": "sha1-mGbfOVECEw449/mWvOtlRDIJwls=",
      "dev": true
    },
    "jsbn": {
      "version": "0.1.1",
      "resolved": "http://registry.npm.taobao.org/jsbn/download/jsbn-0.1.1.tgz",
      "integrity": "sha1-peZUwuWi3rXyAdls77yoDA7y9RM=",
      "dev": true,
      "optional": true
    },
    "jsesc": {
      "version": "1.3.0",
      "resolved": "http://registry.npm.taobao.org/jsesc/download/jsesc-1.3.0.tgz",
      "integrity": "sha1-RsP+yMGJKxKwgz25vHYiF226s0s=",
      "dev": true
    },
    "json-schema": {
      "version": "0.2.3",
      "resolved": "http://registry.npm.taobao.org/json-schema/download/json-schema-0.2.3.tgz",
      "integrity": "sha1-tIDIkuWaLwWVTOcnvT8qTogvnhM=",
      "dev": true
    },
    "json-stable-stringify": {
      "version": "1.0.1",
      "resolved": "http://registry.npm.taobao.org/json-stable-stringify/download/json-stable-stringify-1.0.1.tgz",
      "integrity": "sha1-mnWdOcXy/1A/1TAGRu1EX4jE+a8=",
      "dev": true
    },
    "json-stringify-safe": {
      "version": "5.0.1",
      "resolved": "http://registry.npm.taobao.org/json-stringify-safe/download/json-stringify-safe-5.0.1.tgz",
      "integrity": "sha1-Epai1Y/UXxmg9s4B1lcB4sc1tus=",
      "dev": true
    },
    "json5": {
      "version": "0.5.1",
      "resolved": "http://registry.npm.taobao.org/json5/download/json5-0.5.1.tgz",
      "integrity": "sha1-Hq3nrMASA0rYTiOWdn6tn6VJWCE=",
      "dev": true
    },
    "jsonify": {
      "version": "0.0.0",
      "resolved": "http://registry.npm.taobao.org/jsonify/download/jsonify-0.0.0.tgz",
      "integrity": "sha1-LHS27kHZPKUbe1qu6PUDYx0lKnM=",
      "dev": true
    },
    "jsprim": {
      "version": "1.4.0",
      "resolved": "http://registry.npm.taobao.org/jsprim/download/jsprim-1.4.0.tgz",
      "integrity": "sha1-o7h+QCmNjDgFUtjMdiigu5WiKRg=",
      "dev": true,
      "dependencies": {
        "assert-plus": {
          "version": "1.0.0",
          "resolved": "http://registry.npm.taobao.org/assert-plus/download/assert-plus-1.0.0.tgz",
          "integrity": "sha1-8S4PPF13sLHN2RRpQuTpbB5N1SU=",
          "dev": true
        }
      }
    },
    "lie": {
      "version": "3.1.1",
      "resolved": "http://registry.npm.taobao.org/lie/download/lie-3.1.1.tgz",
      "integrity": "sha1-mkNrLMd0bKWd56QfpGmz77dr2H4=",
      "dev": true
    },
    "lodash": {
      "version": "4.17.4",
      "resolved": "http://registry.npm.taobao.org/lodash/download/lodash-4.17.4.tgz",
      "integrity": "sha1-eCA6TRwyiuHYbcpkYONptX9AVa4=",
      "dev": true
    },
    "lodash.isnull": {
      "version": "3.0.0",
      "resolved": "http://registry.npm.taobao.org/lodash.isnull/download/lodash.isnull-3.0.0.tgz",
      "integrity": "sha1-+vvlnqHcon7teGU0A53YTC4HxW4=",
      "dev": true
    },
    "loose-envify": {
      "version": "1.3.1",
      "resolved": "http://registry.npm.taobao.org/loose-envify/download/loose-envify-1.3.1.tgz",
      "integrity": "sha1-0aitM/qc4OcT1l/dCsi3SNR4yEg=",
      "dev": true
    },
    "mime-db": {
      "version": "1.27.0",
      "resolved": "http://registry.npm.taobao.org/mime-db/download/mime-db-1.27.0.tgz",
      "integrity": "sha1-gg9XIpa70g7CXtVeW13oaeVDbrE=",
      "dev": true
    },
    "mime-types": {
      "version": "2.1.15",
      "resolved": "http://registry.npm.taobao.org/mime-types/download/mime-types-2.1.15.tgz",
      "integrity": "sha1-pOv1BkCUVpI3uM9wBGd20J/JKu0=",
      "dev": true
    },
    "minimatch": {
      "version": "3.0.4",
      "resolved": "http://registry.npm.taobao.org/minimatch/download/minimatch-3.0.4.tgz",
      "integrity": "sha1-UWbihkV/AzBgZL5Ul+jbsMPTIIM=",
      "dev": true
    },
    "minimist": {
      "version": "0.0.8",
      "resolved": "http://registry.npm.taobao.org/minimist/download/minimist-0.0.8.tgz",
      "integrity": "sha1-hX/Kv8M5fSYluCKCYuhqp6ARsF0=",
      "dev": true
    },
    "mkdirp": {
      "version": "0.5.1",
      "resolved": "http://registry.npm.taobao.org/mkdirp/download/mkdirp-0.5.1.tgz",
      "integrity": "sha1-MAV0OOrGz3+MR2fzhkjWaX11yQM=",
      "dev": true
    },
    "ms": {
      "version": "2.0.0",
      "resolved": "http://registry.npm.taobao.org/ms/download/ms-2.0.0.tgz",
      "integrity": "sha1-VgiurfwAvmwpAd9fmGF4jeDVl8g=",
      "dev": true
    },
    "number-is-nan": {
      "version": "1.0.1",
      "resolved": "http://registry.npm.taobao.org/number-is-nan/download/number-is-nan-1.0.1.tgz",
      "integrity": "sha1-CXtgK1NCKlIsGvuHkDGDNpQaAR0=",
      "dev": true
    },
    "oauth-sign": {
      "version": "0.8.2",
      "resolved": "http://registry.npm.taobao.org/oauth-sign/download/oauth-sign-0.8.2.tgz",
      "integrity": "sha1-Rqarfwrq2N6unsBWV4C31O/rnUM=",
      "dev": true
    },
    "object-assign": {
      "version": "4.1.1",
      "resolved": "http://registry.npm.taobao.org/object-assign/download/object-assign-4.1.1.tgz",
      "integrity": "sha1-IQmtx5ZYh8/AXLvUQsrIv7s2CGM=",
      "dev": true
    },
    "os-homedir": {
      "version": "1.0.2",
      "resolved": "http://registry.npm.taobao.org/os-homedir/download/os-homedir-1.0.2.tgz",
      "integrity": "sha1-/7xJiDNuDoM94MFox+8VISGqf7M=",
      "dev": true
    },
    "os-tmpdir": {
      "version": "1.0.2",
      "resolved": "http://registry.npm.taobao.org/os-tmpdir/download/os-tmpdir-1.0.2.tgz",
      "integrity": "sha1-u+Z0BseaqFxc/sdm/lc0VV36EnQ=",
      "dev": true
    },
    "path-is-absolute": {
      "version": "1.0.1",
      "resolved": "http://registry.npm.taobao.org/path-is-absolute/download/path-is-absolute-1.0.1.tgz",
      "integrity": "sha1-F0uSaHNVNP+8es5r9TpanhtcX18=",
      "dev": true
    },
    "performance-now": {
      "version": "0.2.0",
      "resolved": "http://registry.npm.taobao.org/performance-now/download/performance-now-0.2.0.tgz",
      "integrity": "sha1-M+8wxcd9TqIcWlOGnZG1bY8lVeU=",
      "dev": true
    },
    "pouchdb-abstract-mapreduce": {
      "version": "6.2.0",
      "resolved": "http://registry.npm.taobao.org/pouchdb-abstract-mapreduce/download/pouchdb-abstract-mapreduce-6.2.0.tgz",
      "integrity": "sha1-VYWNF5nIkpAYXfVrcchDpIGry64=",
      "dev": true
    },
    "pouchdb-adapter-http": {
      "version": "6.2.0",
      "resolved": "http://registry.npm.taobao.org/pouchdb-adapter-http/download/pouchdb-adapter-http-6.2.0.tgz",
      "integrity": "sha1-Y8gW0mCJBL37IAtqPVpR2LHpLrQ=",
      "dev": true
    },
    "pouchdb-ajax": {
      "version": "6.2.0",
      "resolved": "http://registry.npm.taobao.org/pouchdb-ajax/download/pouchdb-ajax-6.2.0.tgz",
      "integrity": "sha1-YqEz+Llc6KqFa4Fp1NbmAUJjHmM=",
      "dev": true
    },
    "pouchdb-binary-utils": {
      "version": "6.2.0",
      "resolved": "http://registry.npm.taobao.org/pouchdb-binary-utils/download/pouchdb-binary-utils-6.2.0.tgz",
      "integrity": "sha1-3EFUwBuS+5rYf99pU5SpG12UKb8=",
      "dev": true
    },
    "pouchdb-bulkdocs-wrapper": {
      "version": "1.0.2",
      "resolved": "http://registry.npm.taobao.org/pouchdb-bulkdocs-wrapper/download/pouchdb-bulkdocs-wrapper-1.0.2.tgz",
      "integrity": "sha1-DDYlGVg3F5IAYDKIEslHtqGvwhE=",
      "dev": true,
      "dependencies": {
        "lie": {
          "version": "2.7.7",
          "resolved": "http://registry.npm.taobao.org/lie/download/lie-2.7.7.tgz",
          "integrity": "sha1-fPlZvtSJWbBi8Drka7vzqsMCark=",
          "dev": true
        },
        "pouchdb-promise": {
          "version": "0.0.0",
          "resolved": "http://registry.npm.taobao.org/pouchdb-promise/download/pouchdb-promise-0.0.0.tgz",
          "integrity": "sha1-PAFOYndm2UW+PycOB5p9tNLRmCc=",
          "dev": true
        }
      }
    },
    "pouchdb-changes-filter": {
      "version": "6.2.0",
      "resolved": "http://registry.npm.taobao.org/pouchdb-changes-filter/download/pouchdb-changes-filter-6.2.0.tgz",
      "integrity": "sha1-YmSVVM7yyefoRsRS6w01zggRpeg=",
      "dev": true
    },
    "pouchdb-changeslike-wrapper": {
      "version": "1.0.1",
      "resolved": "http://registry.npm.taobao.org/pouchdb-changeslike-wrapper/download/pouchdb-changeslike-wrapper-1.0.1.tgz",
      "integrity": "sha1-OQuapX/hfyL/OmKBRh9q8OBAcTU=",
      "dev": true
    },
    "pouchdb-checkpointer": {
      "version": "6.2.0",
      "resolved": "http://registry.npm.taobao.org/pouchdb-checkpointer/download/pouchdb-checkpointer-6.2.0.tgz",
      "integrity": "sha1-wNc8/Sfd32T39qQwQnOf5VCJ1Yk=",
      "dev": true
    },
    "pouchdb-collate": {
      "version": "6.2.0",
      "resolved": "http://registry.npm.taobao.org/pouchdb-collate/download/pouchdb-collate-6.2.0.tgz",
      "integrity": "sha1-nuXleN4ARYHBSHVPfezcC3BJX/w=",
      "dev": true
    },
    "pouchdb-collections": {
      "version": "6.2.0",
      "resolved": "http://registry.npm.taobao.org/pouchdb-collections/download/pouchdb-collections-6.2.0.tgz",
      "integrity": "sha1-9TJgGHDL0ym6DGAFvN0wESaCW+I=",
      "dev": true
    },
    "pouchdb-core": {
      "version": "6.2.0",
      "resolved": "http://registry.npm.taobao.org/pouchdb-core/download/pouchdb-core-6.2.0.tgz",
      "integrity": "sha1-8xDPUXlMtJNj+zmKFP9mg4z29RE=",
      "dev": true
    },
    "pouchdb-debug": {
      "version": "6.2.0",
      "resolved": "http://registry.npm.taobao.org/pouchdb-debug/download/pouchdb-debug-6.2.0.tgz",
      "integrity": "sha1-1WF6X8uziB/stF4iVQ3udQqN5cM=",
      "dev": true,
      "dependencies": {
        "debug": {
          "version": "2.6.1",
          "resolved": "http://registry.npm.taobao.org/debug/download/debug-2.6.1.tgz",
          "integrity": "sha1-eYVQkLosTjEVzH2HaUkdWPBJE1E=",
          "dev": true
        },
        "ms": {
          "version": "0.7.2",
          "resolved": "http://registry.npm.taobao.org/ms/download/ms-0.7.2.tgz",
          "integrity": "sha1-riXPJRKziFodldfwN4aNhDESR2U=",
          "dev": true
        }
      }
    },
    "pouchdb-errors": {
      "version": "6.2.0",
      "resolved": "http://registry.npm.taobao.org/pouchdb-errors/download/pouchdb-errors-6.2.0.tgz",
      "integrity": "sha1-XMvvryuS6RjV2QtaW3eTdkZLWQc=",
      "dev": true
    },
    "pouchdb-find": {
      "version": "6.2.0",
      "resolved": "http://registry.npm.taobao.org/pouchdb-find/download/pouchdb-find-6.2.0.tgz",
      "integrity": "sha1-qCThWOJbCBZhTWfmgKTYyKaU+h4=",
      "dev": true
    },
    "pouchdb-generate-replication-id": {
      "version": "6.2.0",
      "resolved": "http://registry.npm.taobao.org/pouchdb-generate-replication-id/download/pouchdb-generate-replication-id-6.2.0.tgz",
      "integrity": "sha1-4YtMy7r0t0tIsKvO0LoInBUoXJw=",
      "dev": true
    },
    "pouchdb-mapreduce": {
      "version": "6.2.0",
      "resolved": "http://registry.npm.taobao.org/pouchdb-mapreduce/download/pouchdb-mapreduce-6.2.0.tgz",
      "integrity": "sha1-sil9mj65KpdLdMZ/hE+Wgp+ZSzg=",
      "dev": true
    },
    "pouchdb-mapreduce-utils": {
      "version": "6.2.0",
      "resolved": "http://registry.npm.taobao.org/pouchdb-mapreduce-utils/download/pouchdb-mapreduce-utils-6.2.0.tgz",
      "integrity": "sha1-/mwV7/Gm/kjWj5c8ennvSSZSyi8=",
      "dev": true
    },
    "pouchdb-md5": {
      "version": "6.2.0",
      "resolved": "http://registry.npm.taobao.org/pouchdb-md5/download/pouchdb-md5-6.2.0.tgz",
      "integrity": "sha1-dYH8TpMsV8eO5I0lp9ABS/8Ajk0=",
      "dev": true
    },
    "pouchdb-merge": {
      "version": "6.2.0",
      "resolved": "http://registry.npm.taobao.org/pouchdb-merge/download/pouchdb-merge-6.2.0.tgz",
      "integrity": "sha1-ZcptlK7W+bO1H+2TGNM6MCqZ7i8=",
      "dev": true
    },
    "pouchdb-plugin-error": {
      "version": "1.0.1",
      "resolved": "http://registry.npm.taobao.org/pouchdb-plugin-error/download/pouchdb-plugin-error-1.0.1.tgz",
      "integrity": "sha1-xy8GAUEkqfqQOPyO2ifFizSIBco=",
      "dev": true
    },
    "pouchdb-promise": {
      "version": "6.2.0",
      "resolved": "http://registry.npm.taobao.org/pouchdb-promise/download/pouchdb-promise-6.2.0.tgz",
      "integrity": "sha1-Hk/OwKoGeN9YPmp7S5lroBCmCP4=",
      "dev": true
    },
    "pouchdb-replication": {
      "version": "6.2.0",
      "resolved": "http://registry.npm.taobao.org/pouchdb-replication/download/pouchdb-replication-6.2.0.tgz",
      "integrity": "sha1-3r1+FiVX5JnEPCXP16GgXqNL0N8=",
      "dev": true
    },
    "pouchdb-req-http-query": {
      "version": "2.0.0",
      "resolved": "http://registry.npm.taobao.org/pouchdb-req-http-query/download/pouchdb-req-http-query-2.0.0.tgz",
      "integrity": "sha1-Q6XgcnakAmMsj+Dyq2jJgrq8t6o=",
      "dev": true,
      "dependencies": {
        "extend": {
          "version": "1.3.0",
          "resolved": "http://registry.npm.taobao.org/extend/download/extend-1.3.0.tgz",
          "integrity": "sha1-0VFvsP9WJNLr+RI+odrFoZlABPg=",
          "dev": true
        },
        "lie": {
          "version": "2.7.7",
          "resolved": "http://registry.npm.taobao.org/lie/download/lie-2.7.7.tgz",
          "integrity": "sha1-fPlZvtSJWbBi8Drka7vzqsMCark=",
          "dev": true
        },
        "pouchdb-promise": {
          "version": "0.0.0",
          "resolved": "http://registry.npm.taobao.org/pouchdb-promise/download/pouchdb-promise-0.0.0.tgz",
          "integrity": "sha1-PAFOYndm2UW+PycOB5p9tNLRmCc=",
          "dev": true
        }
      }
    },
    "pouchdb-security": {
      "version": "2.3.7",
      "resolved": "http://registry.npm.taobao.org/pouchdb-security/download/pouchdb-security-2.3.7.tgz",
      "integrity": "sha1-aNPMJlVe1IchIi3t0T7vdeZSAaY=",
      "dev": true,
      "dependencies": {
        "lie": {
          "version": "2.7.7",
          "resolved": "http://registry.npm.taobao.org/lie/download/lie-2.7.7.tgz",
          "integrity": "sha1-fPlZvtSJWbBi8Drka7vzqsMCark=",
          "dev": true
        },
        "pouchdb-req-http-query": {
          "version": "1.0.4",
          "resolved": "http://registry.npm.taobao.org/pouchdb-req-http-query/download/pouchdb-req-http-query-1.0.4.tgz",
          "integrity": "sha1-d+c1xBBvO5clx9VZWakyM2TdI3E=",
          "dev": true,
          "dependencies": {
            "extend": {
              "version": "1.3.0",
              "resolved": "http://registry.npm.taobao.org/extend/download/extend-1.3.0.tgz",
              "integrity": "sha1-0VFvsP9WJNLr+RI+odrFoZlABPg=",
              "dev": true
            },
            "pouchdb-promise": {
              "version": "0.0.0",
              "resolved": "http://registry.npm.taobao.org/pouchdb-promise/download/pouchdb-promise-0.0.0.tgz",
              "integrity": "sha1-PAFOYndm2UW+PycOB5p9tNLRmCc=",
              "dev": true
            }
          }
        }
      }
    },
    "pouchdb-selector-core": {
      "version": "6.2.0",
      "resolved": "http://registry.npm.taobao.org/pouchdb-selector-core/download/pouchdb-selector-core-6.2.0.tgz",
      "integrity": "sha1-q3U8Fxgrw5TmprHeJ1MxFh+F4yU=",
      "dev": true
    },
    "pouchdb-utils": {
      "version": "6.2.0",
      "resolved": "http://registry.npm.taobao.org/pouchdb-utils/download/pouchdb-utils-6.2.0.tgz",
      "integrity": "sha1-zY1CB6NOR4tJryAf8MUepzMkQGE=",
      "dev": true
    },
    "pouchdb-wrappers": {
      "version": "1.3.6",
      "resolved": "http://registry.npm.taobao.org/pouchdb-wrappers/download/pouchdb-wrappers-1.3.6.tgz",
      "integrity": "sha1-8+EbZk6JqbMX54XJYVHMsXNvJdA=",
      "dev": true
    },
    "private": {
      "version": "0.1.7",
      "resolved": "http://registry.npm.taobao.org/private/download/private-0.1.7.tgz",
      "integrity": "sha1-aM5eih7woju1cMwoU3tTMqumPvE=",
      "dev": true
    },
    "promise-nodify": {
      "version": "1.0.2",
      "resolved": "http://registry.npm.taobao.org/promise-nodify/download/promise-nodify-1.0.2.tgz",
      "integrity": "sha1-DQ+xQ8M0ALAGG0flgSV1VwR9TFo=",
      "dev": true
    },
    "punycode": {
      "version": "1.4.1",
      "resolved": "http://registry.npm.taobao.org/punycode/download/punycode-1.4.1.tgz",
      "integrity": "sha1-wNWmOycYgArY4esPpSachN1BhF4=",
      "dev": true
    },
    "qs": {
      "version": "6.3.2",
      "resolved": "http://registry.npm.taobao.org/qs/download/qs-6.3.2.tgz",
      "integrity": "sha1-51vV9uJoEioqDgvaYwslUMFmUCw=",
      "dev": true
    },
    "regenerator-runtime": {
      "version": "0.10.5",
      "resolved": "http://registry.npm.taobao.org/regenerator-runtime/download/regenerator-runtime-0.10.5.tgz",
      "integrity": "sha1-M2w+/BIgrc7dosn6tntaeVWjNlg=",
      "dev": true
    },
    "repeating": {
      "version": "2.0.1",
      "resolved": "http://registry.npm.taobao.org/repeating/download/repeating-2.0.1.tgz",
      "integrity": "sha1-UhTFOpJtNVJwdSf7q0FdvAjQbdo=",
      "dev": true
    },
    "request": {
      "version": "2.80.0",
      "resolved": "http://registry.npm.taobao.org/request/download/request-2.80.0.tgz",
      "integrity": "sha1-jMFi1215OBze/dNQXXa4C2BYm9A=",
      "dev": true
    },
    "rollup-plugin-babel": {
      "version": "2.7.1",
      "resolved": "http://registry.npm.taobao.org/rollup-plugin-babel/download/rollup-plugin-babel-2.7.1.tgz",
      "integrity": "sha1-FlKBl7D5OKFTb0RoPHqT1XMYL1c=",
      "dev": true
    },
    "rollup-pluginutils": {
      "version": "1.5.2",
      "resolved": "http://registry.npm.taobao.org/rollup-pluginutils/download/rollup-pluginutils-1.5.2.tgz",
      "integrity": "sha1-HhVud4+UtyVb+hs9AXi+j1xVJAg=",
      "dev": true
    },
    "rxjs": {
      "version": "5.4.2",
      "resolved": "http://registry.npm.taobao.org/rxjs/download/rxjs-5.4.2.tgz",
      "integrity": "sha1-KjI2/L8D31e64G/Wly/ZnlwI/Pc=",
      "dev": true
    },
    "slash": {
      "version": "1.0.0",
      "resolved": "http://registry.npm.taobao.org/slash/download/slash-1.0.0.tgz",
      "integrity": "sha1-xB8vbDn8FtHNF61LXYlhFK5HDVU=",
      "dev": true
    },
    "sntp": {
      "version": "1.0.9",
      "resolved": "http://registry.npm.taobao.org/sntp/download/sntp-1.0.9.tgz",
      "integrity": "sha1-ZUEYTMkK7qbG57NeJlkIJEPGYZg=",
      "dev": true
    },
    "source-map": {
      "version": "0.5.6",
      "resolved": "http://registry.npm.taobao.org/source-map/download/source-map-0.5.6.tgz",
      "integrity": "sha1-dc449SvwczxafwwRjYEzSiu19BI=",
      "dev": true
    },
    "source-map-support": {
      "version": "0.4.15",
      "resolved": "http://registry.npm.taobao.org/source-map-support/download/source-map-support-0.4.15.tgz",
      "integrity": "sha1-AyAt9lwG0r2MfsI2KhkwVv7407E=",
      "dev": true
    },
    "spark-md5": {
      "version": "3.0.0",
      "resolved": "http://registry.npm.taobao.org/spark-md5/download/spark-md5-3.0.0.tgz",
      "integrity": "sha1-NyIifFTi+vJLHcbZM8wUTm9xv+8=",
      "dev": true
    },
    "sshpk": {
      "version": "1.13.1",
      "resolved": "http://registry.npm.taobao.org/sshpk/download/sshpk-1.13.1.tgz",
      "integrity": "sha1-US322mKHFEMW3EwY/hzx2UBzm+M=",
      "dev": true,
      "dependencies": {
        "assert-plus": {
          "version": "1.0.0",
          "resolved": "http://registry.npm.taobao.org/assert-plus/download/assert-plus-1.0.0.tgz",
          "integrity": "sha1-8S4PPF13sLHN2RRpQuTpbB5N1SU=",
          "dev": true
        }
      }
    },
    "stringstream": {
      "version": "0.0.5",
      "resolved": "http://registry.npm.taobao.org/stringstream/download/stringstream-0.0.5.tgz",
      "integrity": "sha1-TkhM1N5aC7vuGORjB3EKioFiGHg=",
      "dev": true
    },
    "strip-ansi": {
      "version": "3.0.1",
      "resolved": "http://registry.npm.taobao.org/strip-ansi/download/strip-ansi-3.0.1.tgz",
      "integrity": "sha1-ajhfuIU9lS1f8F0Oiq+UJ43GPc8=",
      "dev": true
    },
    "supports-color": {
      "version": "2.0.0",
      "resolved": "http://registry.npm.taobao.org/supports-color/download/supports-color-2.0.0.tgz",
      "integrity": "sha1-U10EXOa2Nj+kARcIRimZXp3zJMc=",
      "dev": true
    },
    "symbol-observable": {
      "version": "1.0.4",
      "resolved": "http://registry.npm.taobao.org/symbol-observable/download/symbol-observable-1.0.4.tgz",
      "integrity": "sha1-Kb9hXUqnEhvdiYsi1LP5vE4qoD0=",
      "dev": true
    },
    "to-fast-properties": {
      "version": "1.0.3",
      "resolved": "http://registry.npm.taobao.org/to-fast-properties/download/to-fast-properties-1.0.3.tgz",
      "integrity": "sha1-uDVx+k2MJbguIxsG46MFXeTKGkc=",
      "dev": true
    },
    "to-string-tag-x": {
      "version": "1.3.0",
      "resolved": "http://registry.npm.taobao.org/to-string-tag-x/download/to-string-tag-x-1.3.0.tgz",
      "integrity": "sha1-EUdXmQPk6R/bt1x96pGOuRjHsn4=",
      "dev": true
    },
    "tough-cookie": {
      "version": "2.3.2",
      "resolved": "http://registry.npm.taobao.org/tough-cookie/download/tough-cookie-2.3.2.tgz",
      "integrity": "sha1-8IH3bkyFcg5sN6X6ztc3FQ2EByo=",
      "dev": true
    },
    "trim-right": {
      "version": "1.0.1",
      "resolved": "http://registry.npm.taobao.org/trim-right/download/trim-right-1.0.1.tgz",
      "integrity": "sha1-yy4SAwZ+DI3h9hQJS5/kVwTqYAM=",
      "dev": true
    },
    "tslib": {
      "version": "1.7.1",
      "resolved": "http://registry.npm.taobao.org/tslib/download/tslib-1.7.1.tgz",
      "integrity": "sha1-vIAEFkaRkjp5/oN4u+s9ogF1OOw=",
      "dev": true
    },
    "tunnel-agent": {
      "version": "0.4.3",
      "resolved": "http://registry.npm.taobao.org/tunnel-agent/download/tunnel-agent-0.4.3.tgz",
      "integrity": "sha1-Y3PbdpCf5XDgjXNYM2Xtgop07us=",
      "dev": true
    },
    "tweetnacl": {
      "version": "0.14.5",
      "resolved": "http://registry.npm.taobao.org/tweetnacl/download/tweetnacl-0.14.5.tgz",
      "integrity": "sha1-WuaBd/GS1EViadEIr6k/+HQ/T2Q=",
      "dev": true,
      "optional": true
    },
    "uglify-js": {
      "version": "3.0.23",
      "resolved": "http://registry.npm.taobao.org/uglify-js/download/uglify-js-3.0.23.tgz",
      "integrity": "sha1-pYxrl+bWdj2U28Jl/o6MFyXmRmY=",
      "dev": true
    },
    "uuid": {
      "version": "3.1.0",
      "resolved": "http://registry.npm.taobao.org/uuid/download/uuid-3.1.0.tgz",
      "integrity": "sha1-PdPT55Crwk17DToDT/q6vijrvAQ=",
      "dev": true
    },
    "validate.io-undefined": {
      "version": "1.0.3",
      "resolved": "http://registry.npm.taobao.org/validate.io-undefined/download/validate.io-undefined-1.0.3.tgz",
      "integrity": "sha1-fif8uzFbhB54JDQxiXZxkp4gt/Q=",
      "dev": true
    },
    "verror": {
      "version": "1.3.6",
      "resolved": "http://registry.npm.taobao.org/verror/download/verror-1.3.6.tgz",
      "integrity": "sha1-z/XfEpRtKX0rqu+qJoniW+AcAFw=",
      "dev": true
    },
    "xmlhttprequest": {
      "version": "1.8.0",
      "resolved": "http://registry.npm.taobao.org/xmlhttprequest/download/xmlhttprequest-1.8.0.tgz",
      "integrity": "sha1-Z/4HXFwk/vOfnWX197f+dRcZaPw=",
      "dev": true
    },
    "xmlhttprequest-cookie": {
      "version": "0.9.4",
      "resolved": "http://registry.npm.taobao.org/xmlhttprequest-cookie/download/xmlhttprequest-cookie-0.9.4.tgz",
      "integrity": "sha1-IFSNFdY/OyHryIbAdI638WmSMyI=",
      "dev": true
    }
  }
}
